
Microsoft Visual Studio Solution File, Format Version 12.00
# Visual Studio Version 16
VisualStudioVersion = 16.0.31613.86
MinimumVisualStudioVersion = 10.0.40219.1
Project("{9A19103F-16F7-4668-BE54-9A1E7A4F7556}") = "BallClub", "BallClub\BallClub.csproj", "{1751B04F-BCD7-4673-B8D6-426CD4B0BD91}"
EndProject
Project("{9A19103F-16F7-4668-BE54-9A1E7A4F7556}") = "BallClub.Repository.Dapper", "BallClub.Repository.MySQL\BallClub.Repository.Dapper.csproj", "{71DBC55C-B98D-4DBE-BFDF-96870BBE6136}"
EndProject
Project("{9A19103F-16F7-4668-BE54-9A1E7A4F7556}") = "BallClub.Domain", "BallClub.Domain\BallClub.Domain.csproj", "{7BA71F59-D8E3-4EBE-A73A-A603C8A27BF2}"
EndProject
Project("{2150E333-8FDC-42A3-9474-1A3956D46DE8}") = "Domain", "Domain", "{F4DD2DC2-ADA6-46ED-B989-E286794AF43C}"
EndProject
Project("{2150E333-8FDC-42A3-9474-1A3956D46DE8}") = "Infrastructure", "Infrastructure", "{01B0CD0E-2714-4626-82F4-A0EC09680E19}"
EndProject
Project("{9A19103F-16F7-4668-BE54-9A1E7A4F7556}") = "BallClub.Repositories", "BallClub.Repositories\BallClub.Repositories.csproj", "{B4B1A09D-590E-4FBD-BE69-606A6DA3CCFD}"
EndProject
Global
	GlobalSection(SolutionConfigurationPlatforms) = preSolution
		Debug|Any CPU = Debug|Any CPU
		Release|Any CPU = Release|Any CPU
	EndGlobalSection
	GlobalSection(ProjectConfigurationPlatforms) = postSolution
		{1751B04F-BCD7-4673-B8D6-426CD4B0BD91}.Debug|Any CPU.ActiveCfg = Debug|Any CPU
		{1751B04F-BCD7-4673-B8D6-426CD4B0BD91}.Debug|Any CPU.Build.0 = Debug|Any CPU
		{1751B04F-BCD7-4673-B8D6-426CD4B0BD91}.Release|Any CPU.ActiveCfg = Release|Any CPU
		{1751B04F-BCD7-4673-B8D6-426CD4B0BD91}.Release|Any CPU.Build.0 = Release|Any CPU
		{71DBC55C-B98D-4DBE-BFDF-96870BBE6136}.Debug|Any CPU.ActiveCfg = Debug|Any CPU
		{71DBC55C-B98D-4DBE-BFDF-96870BBE6136}.Debug|Any CPU.Build.0 = Debug|Any CPU
		{71DBC55C-B98D-4DBE-BFDF-96870BBE6136}.Release|Any CPU.ActiveCfg = Release|Any CPU
		{71DBC55C-B98D-4DBE-BFDF-96870BBE6136}.Release|Any CPU.Build.0 = Release|Any CPU
		{7BA71F59-D8E3-4EBE-A73A-A603C8A27BF2}.Debug|Any CPU.ActiveCfg = Debug|Any CPU
		{7BA71F59-D8E3-4EBE-A73A-A603C8A27BF2}.Debug|Any CPU.Build.0 = Debug|Any CPU
		{7BA71F59-D8E3-4EBE-A73A-A603C8A27BF2}.Release|Any CPU.ActiveCfg = Release|Any CPU
		{7BA71F59-D8E3-4EBE-A73A-A603C8A27BF2}.Release|Any CPU.Build.0 = Release|Any CPU
		{B4B1A09D-590E-4FBD-BE69-606A6DA3CCFD}.Debug|Any CPU.ActiveCfg = Debug|Any CPU
		{B4B1A09D-590E-4FBD-BE69-606A6DA3CCFD}.Debug|Any CPU.Build.0 = Debug|Any CPU
		{B4B1A09D-590E-4FBD-BE69-606A6DA3CCFD}.Release|Any CPU.ActiveCfg = Release|Any CPU
		{B4B1A09D-590E-4FBD-BE69-606A6DA3CCFD}.Release|Any CPU.Build.0 = Release|Any CPU
	EndGlobalSection
	GlobalSection(SolutionProperties) = preSolution
		HideSolutionNode = FALSE
	EndGlobalSection
	GlobalSection(NestedProjects) = preSolution
		{71DBC55C-B98D-4DBE-BFDF-96870BBE6136} = {01B0CD0E-2714-4626-82F4-A0EC09680E19}
		{7BA71F59-D8E3-4EBE-A73A-A603C8A27BF2} = {F4DD2DC2-ADA6-46ED-B989-E286794AF43C}
		{B4B1A09D-590E-4FBD-BE69-606A6DA3CCFD} = {01B0CD0E-2714-4626-82F4-A0EC09680E19}
	EndGlobalSection
	GlobalSection(ExtensibilityGlobals) = postSolution
		SolutionGuid = {AF215C39-C50C-4900-BAD8-630D6236882D}
	EndGlobalSection
EndGlobal
